// !$*UTF8*$!
{
	archiveVersion = 1;
	classes = {
	};
	objectVersion = 46;
	objects = {

/* Begin PBXBuildFile section */
		12277C461814522400388277 /* PolarAnalyzer.m in Sources */ = {isa = PBXBuildFile; fileRef = 12277C451814522400388277 /* PolarAnalyzer.m */; };
		12277C5518148D0F00388277 /* LeapCursorOverlay.m in Sources */ = {isa = PBXBuildFile; fileRef = 12277C5418148D0F00388277 /* LeapCursorOverlay.m */; };
		12393FE018187F7D000F4BF3 /* background_controls@2x.png in Resources */ = {isa = PBXBuildFile; fileRef = 12393FBC18187F7D000F4BF3 /* background_controls@2x.png */; };
		12393FE118187F7D000F4BF3 /* button_clear.png in Resources */ = {isa = PBXBuildFile; fileRef = 12393FBE18187F7D000F4BF3 /* button_clear.png */; };
		12393FE218187F7D000F4BF3 /* button_clear_selected.png in Resources */ = {isa = PBXBuildFile; fileRef = 12393FBF18187F7D000F4BF3 /* button_clear_selected.png */; };
		12393FE318187F7D000F4BF3 /* button_noise_pink.png in Resources */ = {isa = PBXBuildFile; fileRef = 12393FC018187F7D000F4BF3 /* button_noise_pink.png */; };
		12393FE418187F7D000F4BF3 /* button_noise_pink_selected.png in Resources */ = {isa = PBXBuildFile; fileRef = 12393FC118187F7D000F4BF3 /* button_noise_pink_selected.png */; };
		12393FE518187F7D000F4BF3 /* button_noise_white.png in Resources */ = {isa = PBXBuildFile; fileRef = 12393FC218187F7D000F4BF3 /* button_noise_white.png */; };
		12393FE618187F7D000F4BF3 /* button_noise_white_selected.png in Resources */ = {isa = PBXBuildFile; fileRef = 12393FC318187F7D000F4BF3 /* button_noise_white_selected.png */; };
		12393FE718187F7D000F4BF3 /* button_play.png in Resources */ = {isa = PBXBuildFile; fileRef = 12393FC418187F7D000F4BF3 /* button_play.png */; };
		12393FE818187F7D000F4BF3 /* button_play_selected.png in Resources */ = {isa = PBXBuildFile; fileRef = 12393FC518187F7D000F4BF3 /* button_play_selected.png */; };
		12393FE918187F7D000F4BF3 /* button_record.png in Resources */ = {isa = PBXBuildFile; fileRef = 12393FC618187F7D000F4BF3 /* button_record.png */; };
		12393FEA18187F7D000F4BF3 /* button_record_selected.png in Resources */ = {isa = PBXBuildFile; fileRef = 12393FC718187F7D000F4BF3 /* button_record_selected.png */; };
		12393FEB18187F7D000F4BF3 /* button_sawtooth.png in Resources */ = {isa = PBXBuildFile; fileRef = 12393FC818187F7D000F4BF3 /* button_sawtooth.png */; };
		12393FEC18187F7D000F4BF3 /* button_sawtooth_selected.png in Resources */ = {isa = PBXBuildFile; fileRef = 12393FC918187F7D000F4BF3 /* button_sawtooth_selected.png */; };
		12393FED18187F7D000F4BF3 /* button_sine.png in Resources */ = {isa = PBXBuildFile; fileRef = 12393FCA18187F7D000F4BF3 /* button_sine.png */; };
		12393FEE18187F7D000F4BF3 /* button_sine_selected.png in Resources */ = {isa = PBXBuildFile; fileRef = 12393FCB18187F7D000F4BF3 /* button_sine_selected.png */; };
		12393FEF18187F7D000F4BF3 /* button_square.png in Resources */ = {isa = PBXBuildFile; fileRef = 12393FCC18187F7D000F4BF3 /* button_square.png */; };
		12393FF018187F7D000F4BF3 /* button_square_selected.png in Resources */ = {isa = PBXBuildFile; fileRef = 12393FCD18187F7D000F4BF3 /* button_square_selected.png */; };
		12393FF118187F7D000F4BF3 /* button_triangle.png in Resources */ = {isa = PBXBuildFile; fileRef = 12393FCE18187F7D000F4BF3 /* button_triangle.png */; };
		12393FF218187F7D000F4BF3 /* button_triangle_selected.png in Resources */ = {isa = PBXBuildFile; fileRef = 12393FCF18187F7D000F4BF3 /* button_triangle_selected.png */; };
		12393FF318187F7D000F4BF3 /* button_undo.png in Resources */ = {isa = PBXBuildFile; fileRef = 12393FD018187F7D000F4BF3 /* button_undo.png */; };
		12393FF418187F7D000F4BF3 /* button_undo_selected.png in Resources */ = {isa = PBXBuildFile; fileRef = 12393FD118187F7D000F4BF3 /* button_undo_selected.png */; };
		12393FF518187F7D000F4BF3 /* knob_dial@2x.png in Resources */ = {isa = PBXBuildFile; fileRef = 12393FD218187F7D000F4BF3 /* knob_dial@2x.png */; };
		12393FF618187F7D000F4BF3 /* knob_outerRing_empty@2x.png in Resources */ = {isa = PBXBuildFile; fileRef = 12393FD318187F7D000F4BF3 /* knob_outerRing_empty@2x.png */; };
		12393FF718187F7D000F4BF3 /* knob_outerRing_full@2x.png in Resources */ = {isa = PBXBuildFile; fileRef = 12393FD418187F7D000F4BF3 /* knob_outerRing_full@2x.png */; };
		12393FF818187F7D000F4BF3 /* midi_connected@2x.png in Resources */ = {isa = PBXBuildFile; fileRef = 12393FD518187F7D000F4BF3 /* midi_connected@2x.png */; };
		12393FF918187F7D000F4BF3 /* midi_disconnected@2x.png in Resources */ = {isa = PBXBuildFile; fileRef = 12393FD618187F7D000F4BF3 /* midi_disconnected@2x.png */; };
		12393FFA18187F7D000F4BF3 /* slider_background@2x.png in Resources */ = {isa = PBXBuildFile; fileRef = 12393FD718187F7D000F4BF3 /* slider_background@2x.png */; };
		12393FFB18187F7D000F4BF3 /* slider_glow@2x.png in Resources */ = {isa = PBXBuildFile; fileRef = 12393FD818187F7D000F4BF3 /* slider_glow@2x.png */; };
		12393FFC18187F7D000F4BF3 /* slider_handle@2x.png in Resources */ = {isa = PBXBuildFile; fileRef = 12393FD918187F7D000F4BF3 /* slider_handle@2x.png */; };
		12393FFD18187F7D000F4BF3 /* volumeKnob_dial@2x.png in Resources */ = {isa = PBXBuildFile; fileRef = 12393FDA18187F7D000F4BF3 /* volumeKnob_dial@2x.png */; };
		12393FFE18187F7D000F4BF3 /* volumeKnob_outerRing_empty@2x.png in Resources */ = {isa = PBXBuildFile; fileRef = 12393FDB18187F7D000F4BF3 /* volumeKnob_outerRing_empty@2x.png */; };
		12393FFF18187F7D000F4BF3 /* volumeKnob_outerRing_full@2x.png in Resources */ = {isa = PBXBuildFile; fileRef = 12393FDC18187F7D000F4BF3 /* volumeKnob_outerRing_full@2x.png */; };
		1239400018187F7D000F4BF3 /* wire_connected@2x.png in Resources */ = {isa = PBXBuildFile; fileRef = 12393FDD18187F7D000F4BF3 /* wire_connected@2x.png */; };
		1239400118187F7D000F4BF3 /* wire_in@2x.png in Resources */ = {isa = PBXBuildFile; fileRef = 12393FDE18187F7D000F4BF3 /* wire_in@2x.png */; };
		1239400218187F7D000F4BF3 /* wire_out@2x.png in Resources */ = {isa = PBXBuildFile; fileRef = 12393FDF18187F7D000F4BF3 /* wire_out@2x.png */; };
		123B53BE1815ADDC00FB9065 /* LeapModulator.m in Sources */ = {isa = PBXBuildFile; fileRef = 123B53BD1815ADDC00FB9065 /* LeapModulator.m */; };
		125286E3180EE76C0025D405 /* CSKnob.m in Sources */ = {isa = PBXBuildFile; fileRef = 125286E2180EE76C0025D405 /* CSKnob.m */; };
		125286F2180F3F780025D405 /* CSControl.m in Sources */ = {isa = PBXBuildFile; fileRef = 125286F1180F3F780025D405 /* CSControl.m */; };
		125286F5180F3FA40025D405 /* CSFader.m in Sources */ = {isa = PBXBuildFile; fileRef = 125286F4180F3FA40025D405 /* CSFader.m */; };
		125286FA180F42D50025D405 /* csfader_bg.png in Resources */ = {isa = PBXBuildFile; fileRef = 125286F7180F42D50025D405 /* csfader_bg.png */; };
		125286FB180F42D50025D405 /* csfader_knob.png in Resources */ = {isa = PBXBuildFile; fileRef = 125286F8180F42D50025D405 /* csfader_knob.png */; };
		125286FC180F42D50025D405 /* csknob_knob.png in Resources */ = {isa = PBXBuildFile; fileRef = 125286F9180F42D50025D405 /* csknob_knob.png */; };
		12528703180F9F2B0025D405 /* PatchCabler.m in Sources */ = {isa = PBXBuildFile; fileRef = 12528702180F9F2A0025D405 /* PatchCabler.m */; };
		12528706180F9F7D0025D405 /* PatchCableEndpoint.m in Sources */ = {isa = PBXBuildFile; fileRef = 12528705180F9F7D0025D405 /* PatchCableEndpoint.m */; };
		1252870A1810420F0025D405 /* patch_endpoint_output.png in Resources */ = {isa = PBXBuildFile; fileRef = 125287091810420F0025D405 /* patch_endpoint_output.png */; };
		1252870C181042710025D405 /* patch_endpoint_input.png in Resources */ = {isa = PBXBuildFile; fileRef = 1252870B181042710025D405 /* patch_endpoint_input.png */; };
		125287181810D2D60025D405 /* CSMultiSwitch.m in Sources */ = {isa = PBXBuildFile; fileRef = 125287171810D2D60025D405 /* CSMultiSwitch.m */; };
		1252871B1810D3A10025D405 /* CSPopupButton.m in Sources */ = {isa = PBXBuildFile; fileRef = 1252871A1810D3A00025D405 /* CSPopupButton.m */; };
		126C4D6917B29FE300598323 /* libLeap.dylib in CopyFiles */ = {isa = PBXBuildFile; fileRef = 126C4D5F17B29F8700598323 /* libLeap.dylib */; };
		126C4D6A17B29FE900598323 /* libLeap.dylib in Frameworks */ = {isa = PBXBuildFile; fileRef = 126C4D5F17B29F8700598323 /* libLeap.dylib */; };
		126C4D6D17B2B04B00598323 /* LeapSyntheremin.m in Sources */ = {isa = PBXBuildFile; fileRef = 126C4D6C17B2B04B00598323 /* LeapSyntheremin.m */; };
		126C4D6E17B2B42F00598323 /* LeapObjectiveC.mm in Sources */ = {isa = PBXBuildFile; fileRef = 126C4D6817B29FCB00598323 /* LeapObjectiveC.mm */; };
		12751A3417C1FA0800A57258 /* logo-white.png in Resources */ = {isa = PBXBuildFile; fileRef = 12751A3317C1FA0800A57258 /* logo-white.png */; };
		12759AC418092CE400EA2D1A /* CoreMIDI.framework in Frameworks */ = {isa = PBXBuildFile; fileRef = 12759AC318092CE400EA2D1A /* CoreMIDI.framework */; };
		127DBD3317A76D16007C68FF /* Cocoa.framework in Frameworks */ = {isa = PBXBuildFile; fileRef = 127DBD3217A76D16007C68FF /* Cocoa.framework */; };
		127DBD5017A81437007C68FF /* AudioToolbox.framework in Frameworks */ = {isa = PBXBuildFile; fileRef = 127DBD4F17A81437007C68FF /* AudioToolbox.framework */; };
		1291C76517BB423D0055761E /* LinearAnalyzer.m in Sources */ = {isa = PBXBuildFile; fileRef = 1291C76417BB423D0055761E /* LinearAnalyzer.m */; };
		12B0FE681809CE410019EBC4 /* MidiParser.m in Sources */ = {isa = PBXBuildFile; fileRef = 12B0FE671809CE410019EBC4 /* MidiParser.m */; };
		12B0FE6B180A19A50019EBC4 /* NoiseGenerator.m in Sources */ = {isa = PBXBuildFile; fileRef = 12B0FE6A180A19A50019EBC4 /* NoiseGenerator.m */; };
		12B0FE6E180A1A5A0019EBC4 /* SampleProvider.m in Sources */ = {isa = PBXBuildFile; fileRef = 12B0FE6D180A1A5A0019EBC4 /* SampleProvider.m */; };
		12B235D817C0698D00FA7E5C /* syntheremin.icns in Resources */ = {isa = PBXBuildFile; fileRef = 12B235D717C0698D00FA7E5C /* syntheremin.icns */; };
		12BB468D17A988E4009D7B5C /* MainMenu.xib in Resources */ = {isa = PBXBuildFile; fileRef = 12BB468B17A988E4009D7B5C /* MainMenu.xib */; };
		12BB468E17A988ED009D7B5C /* AppDelegate.m in Sources */ = {isa = PBXBuildFile; fileRef = 12C0D40317A9883C001323FA /* AppDelegate.m */; };
		12BB469317A9890D009D7B5C /* InfoPlist.strings in Resources */ = {isa = PBXBuildFile; fileRef = 12BB469117A9890D009D7B5C /* InfoPlist.strings */; };
		12BB469517A98944009D7B5C /* main.m in Sources */ = {isa = PBXBuildFile; fileRef = 12BB469417A98944009D7B5C /* main.m */; };
		12BB469B17A98979009D7B5C /* Credits.rtf in Resources */ = {isa = PBXBuildFile; fileRef = 12BB469917A98979009D7B5C /* Credits.rtf */; };
		12C3940A1807598B0035BEFF /* AudioQueueSynth.m in Sources */ = {isa = PBXBuildFile; fileRef = 12C394091807598B0035BEFF /* AudioQueueSynth.m */; };
		12C3940E18087F710035BEFF /* Looper.m in Sources */ = {isa = PBXBuildFile; fileRef = 12C3940D18087F710035BEFF /* Looper.m */; };
		12C39411180899E90035BEFF /* Loop.m in Sources */ = {isa = PBXBuildFile; fileRef = 12C39410180899E90035BEFF /* Loop.m */; };
		12C4032F180B2CDA00FB384A /* saw.png in Resources */ = {isa = PBXBuildFile; fileRef = 12C4032B180B2CDA00FB384A /* saw.png */; };
		12C40330180B2CDA00FB384A /* sine.png in Resources */ = {isa = PBXBuildFile; fileRef = 12C4032C180B2CDA00FB384A /* sine.png */; };
		12C40331180B2CDA00FB384A /* square.png in Resources */ = {isa = PBXBuildFile; fileRef = 12C4032D180B2CDA00FB384A /* square.png */; };
		12C40332180B2CDA00FB384A /* tri.png in Resources */ = {isa = PBXBuildFile; fileRef = 12C4032E180B2CDA00FB384A /* tri.png */; };
		12C4033C180B8A7400FB384A /* Mixer.m in Sources */ = {isa = PBXBuildFile; fileRef = 12C4033B180B8A7400FB384A /* Mixer.m */; };
		12CDBF7117A9A5A800C72104 /* Oscillator.m in Sources */ = {isa = PBXBuildFile; fileRef = 12CDBF7017A9A5A800C72104 /* Oscillator.m */; };
		12CDBF7617A9AC3F00C72104 /* Vco.m in Sources */ = {isa = PBXBuildFile; fileRef = 12CDBF7517A9AC3F00C72104 /* Vco.m */; };
		12EFCD2B17AAE53C00E84D98 /* Adsr.m in Sources */ = {isa = PBXBuildFile; fileRef = 12EFCD2A17AAE53C00E84D98 /* Adsr.m */; };
		12EFCD2F17AD429F00E84D98 /* Vca.m in Sources */ = {isa = PBXBuildFile; fileRef = 12EFCD2E17AD429F00E84D98 /* Vca.m */; };
		12EFCD3217AD490200E84D98 /* Synth.m in Sources */ = {isa = PBXBuildFile; fileRef = 12EFCD3117AD490200E84D98 /* Synth.m */; };
		12EFCD3517AD493100E84D98 /* Vcf.m in Sources */ = {isa = PBXBuildFile; fileRef = 12EFCD3417AD493100E84D98 /* Vcf.m */; };
/* End PBXBuildFile section */

/* Begin PBXCopyFilesBuildPhase section */
		126C4D6217B29F9400598323 /* CopyFiles */ = {
			isa = PBXCopyFilesBuildPhase;
			buildActionMask = 2147483647;
			dstPath = "";
			dstSubfolderSpec = 6;
			files = (
				126C4D6917B29FE300598323 /* libLeap.dylib in CopyFiles */,
			);
			runOnlyForDeploymentPostprocessing = 0;
		};
/* End PBXCopyFilesBuildPhase section */

/* Begin PBXFileReference section */
		12277C441814522400388277 /* PolarAnalyzer.h */ = {isa = PBXFileReference; fileEncoding = 4; lastKnownFileType = sourcecode.c.h; path = PolarAnalyzer.h; sourceTree = "<group>"; };
		12277C451814522400388277 /* PolarAnalyzer.m */ = {isa = PBXFileReference; fileEncoding = 4; lastKnownFileType = sourcecode.c.objc; path = PolarAnalyzer.m; sourceTree = "<group>"; };
		12277C5318148D0F00388277 /* LeapCursorOverlay.h */ = {isa = PBXFileReference; fileEncoding = 4; lastKnownFileType = sourcecode.c.h; path = LeapCursorOverlay.h; sourceTree = "<group>"; };
		12277C5418148D0F00388277 /* LeapCursorOverlay.m */ = {isa = PBXFileReference; fileEncoding = 4; lastKnownFileType = sourcecode.c.objc; path = LeapCursorOverlay.m; sourceTree = "<group>"; };
		12393FBC18187F7D000F4BF3 /* background_controls@2x.png */ = {isa = PBXFileReference; lastKnownFileType = image.png; path = "background_controls@2x.png"; sourceTree = "<group>"; };
		12393FBE18187F7D000F4BF3 /* button_clear.png */ = {isa = PBXFileReference; lastKnownFileType = image.png; path = button_clear.png; sourceTree = "<group>"; };
		12393FBF18187F7D000F4BF3 /* button_clear_selected.png */ = {isa = PBXFileReference; lastKnownFileType = image.png; path = button_clear_selected.png; sourceTree = "<group>"; };
		12393FC018187F7D000F4BF3 /* button_noise_pink.png */ = {isa = PBXFileReference; lastKnownFileType = image.png; path = button_noise_pink.png; sourceTree = "<group>"; };
		12393FC118187F7D000F4BF3 /* button_noise_pink_selected.png */ = {isa = PBXFileReference; lastKnownFileType = image.png; path = button_noise_pink_selected.png; sourceTree = "<group>"; };
		12393FC218187F7D000F4BF3 /* button_noise_white.png */ = {isa = PBXFileReference; lastKnownFileType = image.png; path = button_noise_white.png; sourceTree = "<group>"; };
		12393FC318187F7D000F4BF3 /* button_noise_white_selected.png */ = {isa = PBXFileReference; lastKnownFileType = image.png; path = button_noise_white_selected.png; sourceTree = "<group>"; };
		12393FC418187F7D000F4BF3 /* button_play.png */ = {isa = PBXFileReference; lastKnownFileType = image.png; path = button_play.png; sourceTree = "<group>"; };
		12393FC518187F7D000F4BF3 /* button_play_selected.png */ = {isa = PBXFileReference; lastKnownFileType = image.png; path = button_play_selected.png; sourceTree = "<group>"; };
		12393FC618187F7D000F4BF3 /* button_record.png */ = {isa = PBXFileReference; lastKnownFileType = image.png; path = button_record.png; sourceTree = "<group>"; };
		12393FC718187F7D000F4BF3 /* button_record_selected.png */ = {isa = PBXFileReference; lastKnownFileType = image.png; path = button_record_selected.png; sourceTree = "<group>"; };
		12393FC818187F7D000F4BF3 /* button_sawtooth.png */ = {isa = PBXFileReference; lastKnownFileType = image.png; path = button_sawtooth.png; sourceTree = "<group>"; };
		12393FC918187F7D000F4BF3 /* button_sawtooth_selected.png */ = {isa = PBXFileReference; lastKnownFileType = image.png; path = button_sawtooth_selected.png; sourceTree = "<group>"; };
		12393FCA18187F7D000F4BF3 /* button_sine.png */ = {isa = PBXFileReference; lastKnownFileType = image.png; path = button_sine.png; sourceTree = "<group>"; };
		12393FCB18187F7D000F4BF3 /* button_sine_selected.png */ = {isa = PBXFileReference; lastKnownFileType = image.png; path = button_sine_selected.png; sourceTree = "<group>"; };
		12393FCC18187F7D000F4BF3 /* button_square.png */ = {isa = PBXFileReference; lastKnownFileType = image.png; path = button_square.png; sourceTree = "<group>"; };
		12393FCD18187F7D000F4BF3 /* button_square_selected.png */ = {isa = PBXFileReference; lastKnownFileType = image.png; path = button_square_selected.png; sourceTree = "<group>"; };
		12393FCE18187F7D000F4BF3 /* button_triangle.png */ = {isa = PBXFileReference; lastKnownFileType = image.png; path = button_triangle.png; sourceTree = "<group>"; };
		12393FCF18187F7D000F4BF3 /* button_triangle_selected.png */ = {isa = PBXFileReference; lastKnownFileType = image.png; path = button_triangle_selected.png; sourceTree = "<group>"; };
		12393FD018187F7D000F4BF3 /* button_undo.png */ = {isa = PBXFileReference; lastKnownFileType = image.png; path = button_undo.png; sourceTree = "<group>"; };
		12393FD118187F7D000F4BF3 /* button_undo_selected.png */ = {isa = PBXFileReference; lastKnownFileType = image.png; path = button_undo_selected.png; sourceTree = "<group>"; };
		12393FD218187F7D000F4BF3 /* knob_dial@2x.png */ = {isa = PBXFileReference; lastKnownFileType = image.png; path = "knob_dial@2x.png"; sourceTree = "<group>"; };
		12393FD318187F7D000F4BF3 /* knob_outerRing_empty@2x.png */ = {isa = PBXFileReference; lastKnownFileType = image.png; path = "knob_outerRing_empty@2x.png"; sourceTree = "<group>"; };
		12393FD418187F7D000F4BF3 /* knob_outerRing_full@2x.png */ = {isa = PBXFileReference; lastKnownFileType = image.png; path = "knob_outerRing_full@2x.png"; sourceTree = "<group>"; };
		12393FD518187F7D000F4BF3 /* midi_connected@2x.png */ = {isa = PBXFileReference; lastKnownFileType = image.png; path = "midi_connected@2x.png"; sourceTree = "<group>"; };
		12393FD618187F7D000F4BF3 /* midi_disconnected@2x.png */ = {isa = PBXFileReference; lastKnownFileType = image.png; path = "midi_disconnected@2x.png"; sourceTree = "<group>"; };
		12393FD718187F7D000F4BF3 /* slider_background@2x.png */ = {isa = PBXFileReference; lastKnownFileType = image.png; path = "slider_background@2x.png"; sourceTree = "<group>"; };
		12393FD818187F7D000F4BF3 /* slider_glow@2x.png */ = {isa = PBXFileReference; lastKnownFileType = image.png; path = "slider_glow@2x.png"; sourceTree = "<group>"; };
		12393FD918187F7D000F4BF3 /* slider_handle@2x.png */ = {isa = PBXFileReference; lastKnownFileType = image.png; path = "slider_handle@2x.png"; sourceTree = "<group>"; };
		12393FDA18187F7D000F4BF3 /* volumeKnob_dial@2x.png */ = {isa = PBXFileReference; lastKnownFileType = image.png; path = "volumeKnob_dial@2x.png"; sourceTree = "<group>"; };
		12393FDB18187F7D000F4BF3 /* volumeKnob_outerRing_empty@2x.png */ = {isa = PBXFileReference; lastKnownFileType = image.png; path = "volumeKnob_outerRing_empty@2x.png"; sourceTree = "<group>"; };
		12393FDC18187F7D000F4BF3 /* volumeKnob_outerRing_full@2x.png */ = {isa = PBXFileReference; lastKnownFileType = image.png; path = "volumeKnob_outerRing_full@2x.png"; sourceTree = "<group>"; };
		12393FDD18187F7D000F4BF3 /* wire_connected@2x.png */ = {isa = PBXFileReference; lastKnownFileType = image.png; path = "wire_connected@2x.png"; sourceTree = "<group>"; };
		12393FDE18187F7D000F4BF3 /* wire_in@2x.png */ = {isa = PBXFileReference; lastKnownFileType = image.png; path = "wire_in@2x.png"; sourceTree = "<group>"; };
		12393FDF18187F7D000F4BF3 /* wire_out@2x.png */ = {isa = PBXFileReference; lastKnownFileType = image.png; path = "wire_out@2x.png"; sourceTree = "<group>"; };
		123B53BC1815ADDC00FB9065 /* LeapModulator.h */ = {isa = PBXFileReference; fileEncoding = 4; lastKnownFileType = sourcecode.c.h; name = LeapModulator.h; path = ../LeapModulator.h; sourceTree = "<group>"; };
		123B53BD1815ADDC00FB9065 /* LeapModulator.m */ = {isa = PBXFileReference; fileEncoding = 4; lastKnownFileType = sourcecode.c.objc; name = LeapModulator.m; path = ../LeapModulator.m; sourceTree = "<group>"; };
		125286E1180EE76C0025D405 /* CSKnob.h */ = {isa = PBXFileReference; fileEncoding = 4; lastKnownFileType = sourcecode.c.h; name = CSKnob.h; path = CSControls/CSKnob.h; sourceTree = "<group>"; };
		125286E2180EE76C0025D405 /* CSKnob.m */ = {isa = PBXFileReference; fileEncoding = 4; lastKnownFileType = sourcecode.c.objc; name = CSKnob.m; path = CSControls/CSKnob.m; sourceTree = "<group>"; };
		125286F0180F3F780025D405 /* CSControl.h */ = {isa = PBXFileReference; fileEncoding = 4; lastKnownFileType = sourcecode.c.h; name = CSControl.h; path = CSControls/CSControl.h; sourceTree = "<group>"; };
		125286F1180F3F780025D405 /* CSControl.m */ = {isa = PBXFileReference; fileEncoding = 4; lastKnownFileType = sourcecode.c.objc; name = CSControl.m; path = CSControls/CSControl.m; sourceTree = "<group>"; };
		125286F3180F3FA40025D405 /* CSFader.h */ = {isa = PBXFileReference; fileEncoding = 4; lastKnownFileType = sourcecode.c.h; path = CSFader.h; sourceTree = "<group>"; };
		125286F4180F3FA40025D405 /* CSFader.m */ = {isa = PBXFileReference; fileEncoding = 4; lastKnownFileType = sourcecode.c.objc; path = CSFader.m; sourceTree = "<group>"; };
		125286F7180F42D50025D405 /* csfader_bg.png */ = {isa = PBXFileReference; lastKnownFileType = image.png; path = csfader_bg.png; sourceTree = "<group>"; };
		125286F8180F42D50025D405 /* csfader_knob.png */ = {isa = PBXFileReference; lastKnownFileType = image.png; path = csfader_knob.png; sourceTree = "<group>"; };
		125286F9180F42D50025D405 /* csknob_knob.png */ = {isa = PBXFileReference; lastKnownFileType = image.png; path = csknob_knob.png; sourceTree = "<group>"; };
		12528701180F9F2A0025D405 /* PatchCabler.h */ = {isa = PBXFileReference; fileEncoding = 4; lastKnownFileType = sourcecode.c.h; name = PatchCabler.h; path = ../PatchCabler.h; sourceTree = "<group>"; };
		12528702180F9F2A0025D405 /* PatchCabler.m */ = {isa = PBXFileReference; fileEncoding = 4; lastKnownFileType = sourcecode.c.objc; name = PatchCabler.m; path = ../PatchCabler.m; sourceTree = "<group>"; };
		12528704180F9F7D0025D405 /* PatchCableEndpoint.h */ = {isa = PBXFileReference; fileEncoding = 4; lastKnownFileType = sourcecode.c.h; name = PatchCableEndpoint.h; path = ../PatchCableEndpoint.h; sourceTree = "<group>"; };
		12528705180F9F7D0025D405 /* PatchCableEndpoint.m */ = {isa = PBXFileReference; fileEncoding = 4; lastKnownFileType = sourcecode.c.objc; name = PatchCableEndpoint.m; path = ../PatchCableEndpoint.m; sourceTree = "<group>"; };
		125287091810420F0025D405 /* patch_endpoint_output.png */ = {isa = PBXFileReference; lastKnownFileType = image.png; path = patch_endpoint_output.png; sourceTree = "<group>"; };
		1252870B181042710025D405 /* patch_endpoint_input.png */ = {isa = PBXFileReference; lastKnownFileType = image.png; path = patch_endpoint_input.png; sourceTree = "<group>"; };
		125287161810D2D60025D405 /* CSMultiSwitch.h */ = {isa = PBXFileReference; fileEncoding = 4; lastKnownFileType = sourcecode.c.h; name = CSMultiSwitch.h; path = CSControls/CSMultiSwitch.h; sourceTree = "<group>"; };
		125287171810D2D60025D405 /* CSMultiSwitch.m */ = {isa = PBXFileReference; fileEncoding = 4; lastKnownFileType = sourcecode.c.objc; name = CSMultiSwitch.m; path = CSControls/CSMultiSwitch.m; sourceTree = "<group>"; };
		125287191810D3A00025D405 /* CSPopupButton.h */ = {isa = PBXFileReference; fileEncoding = 4; lastKnownFileType = sourcecode.c.h; name = CSPopupButton.h; path = CSControls/CSPopupButton.h; sourceTree = "<group>"; };
		1252871A1810D3A00025D405 /* CSPopupButton.m */ = {isa = PBXFileReference; fileEncoding = 4; lastKnownFileType = sourcecode.c.objc; name = CSPopupButton.m; path = CSControls/CSPopupButton.m; sourceTree = "<group>"; };
		126C4D5F17B29F8700598323 /* libLeap.dylib */ = {isa = PBXFileReference; lastKnownFileType = "compiled.mach-o.dylib"; name = libLeap.dylib; path = LeapSDK/lib/libLeap.dylib; sourceTree = "<group>"; };
		126C4D6517B29FCB00598323 /* Leap.h */ = {isa = PBXFileReference; lastKnownFileType = sourcecode.c.h; name = Leap.h; path = LeapSDK/include/Leap.h; sourceTree = "<group>"; };
		126C4D6617B29FCB00598323 /* LeapMath.h */ = {isa = PBXFileReference; lastKnownFileType = sourcecode.c.h; name = LeapMath.h; path = LeapSDK/include/LeapMath.h; sourceTree = "<group>"; };
		126C4D6717B29FCB00598323 /* LeapObjectiveC.h */ = {isa = PBXFileReference; lastKnownFileType = sourcecode.c.h; name = LeapObjectiveC.h; path = LeapSDK/include/LeapObjectiveC.h; sourceTree = "<group>"; };
		126C4D6817B29FCB00598323 /* LeapObjectiveC.mm */ = {isa = PBXFileReference; lastKnownFileType = sourcecode.cpp.objcpp; name = LeapObjectiveC.mm; path = LeapSDK/include/LeapObjectiveC.mm; sourceTree = "<group>"; };
		126C4D6B17B2B04B00598323 /* LeapSyntheremin.h */ = {isa = PBXFileReference; fileEncoding = 4; lastKnownFileType = sourcecode.c.h; path = LeapSyntheremin.h; sourceTree = "<group>"; };
		126C4D6C17B2B04B00598323 /* LeapSyntheremin.m */ = {isa = PBXFileReference; fileEncoding = 4; lastKnownFileType = sourcecode.c.objc; path = LeapSyntheremin.m; sourceTree = "<group>"; };
		12751A3317C1FA0800A57258 /* logo-white.png */ = {isa = PBXFileReference; lastKnownFileType = image.png; name = "logo-white.png"; path = "img/logo-white.png"; sourceTree = SOURCE_ROOT; };
		12759AC318092CE400EA2D1A /* CoreMIDI.framework */ = {isa = PBXFileReference; lastKnownFileType = wrapper.framework; name = CoreMIDI.framework; path = System/Library/Frameworks/CoreMIDI.framework; sourceTree = SDKROOT; };
		127DBD2E17A76D16007C68FF /* Syntheremin.app */ = {isa = PBXFileReference; explicitFileType = wrapper.application; includeInIndex = 0; path = Syntheremin.app; sourceTree = BUILT_PRODUCTS_DIR; };
		127DBD3217A76D16007C68FF /* Cocoa.framework */ = {isa = PBXFileReference; lastKnownFileType = wrapper.framework; name = Cocoa.framework; path = System/Library/Frameworks/Cocoa.framework; sourceTree = SDKROOT; };
		127DBD3517A76D16007C68FF /* AppKit.framework */ = {isa = PBXFileReference; lastKnownFileType = wrapper.framework; name = AppKit.framework; path = System/Library/Frameworks/AppKit.framework; sourceTree = SDKROOT; };
		127DBD3617A76D16007C68FF /* CoreData.framework */ = {isa = PBXFileReference; lastKnownFileType = wrapper.framework; name = CoreData.framework; path = System/Library/Frameworks/CoreData.framework; sourceTree = SDKROOT; };
		127DBD3717A76D16007C68FF /* Foundation.framework */ = {isa = PBXFileReference; lastKnownFileType = wrapper.framework; name = Foundation.framework; path = System/Library/Frameworks/Foundation.framework; sourceTree = SDKROOT; };
		127DBD4F17A81437007C68FF /* AudioToolbox.framework */ = {isa = PBXFileReference; lastKnownFileType = wrapper.framework; name = AudioToolbox.framework; path = System/Library/Frameworks/AudioToolbox.framework; sourceTree = SDKROOT; };
		1291C76317BB423D0055761E /* LinearAnalyzer.h */ = {isa = PBXFileReference; fileEncoding = 4; lastKnownFileType = sourcecode.c.h; path = LinearAnalyzer.h; sourceTree = "<group>"; };
		1291C76417BB423D0055761E /* LinearAnalyzer.m */ = {isa = PBXFileReference; fileEncoding = 4; lastKnownFileType = sourcecode.c.objc; path = LinearAnalyzer.m; sourceTree = "<group>"; };
		12B0FE661809CE410019EBC4 /* MidiParser.h */ = {isa = PBXFileReference; fileEncoding = 4; lastKnownFileType = sourcecode.c.h; path = MidiParser.h; sourceTree = "<group>"; };
		12B0FE671809CE410019EBC4 /* MidiParser.m */ = {isa = PBXFileReference; fileEncoding = 4; lastKnownFileType = sourcecode.c.objc; path = MidiParser.m; sourceTree = "<group>"; };
		12B0FE69180A19A50019EBC4 /* NoiseGenerator.h */ = {isa = PBXFileReference; fileEncoding = 4; lastKnownFileType = sourcecode.c.h; path = NoiseGenerator.h; sourceTree = "<group>"; };
		12B0FE6A180A19A50019EBC4 /* NoiseGenerator.m */ = {isa = PBXFileReference; fileEncoding = 4; lastKnownFileType = sourcecode.c.objc; path = NoiseGenerator.m; sourceTree = "<group>"; };
		12B0FE6C180A1A5A0019EBC4 /* SampleProvider.h */ = {isa = PBXFileReference; fileEncoding = 4; lastKnownFileType = sourcecode.c.h; path = SampleProvider.h; sourceTree = "<group>"; };
		12B0FE6D180A1A5A0019EBC4 /* SampleProvider.m */ = {isa = PBXFileReference; fileEncoding = 4; lastKnownFileType = sourcecode.c.objc; path = SampleProvider.m; sourceTree = "<group>"; };
		12B235D717C0698D00FA7E5C /* syntheremin.icns */ = {isa = PBXFileReference; lastKnownFileType = image.icns; path = syntheremin.icns; sourceTree = SOURCE_ROOT; };
		12BB468C17A988E4009D7B5C /* en */ = {isa = PBXFileReference; lastKnownFileType = file.xib; name = en; path = leapsynth/en.lproj/MainMenu.xib; sourceTree = SOURCE_ROOT; };
		12BB469217A9890D009D7B5C /* en */ = {isa = PBXFileReference; lastKnownFileType = text.plist.strings; name = en; path = leapsynth/en.lproj/InfoPlist.strings; sourceTree = SOURCE_ROOT; };
		12BB469417A98944009D7B5C /* main.m */ = {isa = PBXFileReference; fileEncoding = 4; lastKnownFileType = sourcecode.c.objc; name = main.m; path = leapsynth/main.m; sourceTree = SOURCE_ROOT; };
		12BB469617A98950009D7B5C /* leapsynth-Info.plist */ = {isa = PBXFileReference; fileEncoding = 4; lastKnownFileType = text.plist.xml; name = "leapsynth-Info.plist"; path = "leapsynth/leapsynth-Info.plist"; sourceTree = SOURCE_ROOT; };
		12BB469817A98960009D7B5C /* leapsynth-Prefix.pch */ = {isa = PBXFileReference; fileEncoding = 4; lastKnownFileType = sourcecode.c.h; name = "leapsynth-Prefix.pch"; path = "leapsynth/leapsynth-Prefix.pch"; sourceTree = SOURCE_ROOT; };
		12BB469A17A98979009D7B5C /* en */ = {isa = PBXFileReference; lastKnownFileType = text.rtf; name = en; path = leapsynth/en.lproj/Credits.rtf; sourceTree = SOURCE_ROOT; };
		12C0D40217A9883C001323FA /* AppDelegate.h */ = {isa = PBXFileReference; fileEncoding = 4; lastKnownFileType = sourcecode.c.h; name = AppDelegate.h; path = leapsynth/AppDelegate.h; sourceTree = SOURCE_ROOT; };
		12C0D40317A9883C001323FA /* AppDelegate.m */ = {isa = PBXFileReference; fileEncoding = 4; lastKnownFileType = sourcecode.c.objc; name = AppDelegate.m; path = leapsynth/AppDelegate.m; sourceTree = SOURCE_ROOT; };
		12C394081807598B0035BEFF /* AudioQueueSynth.h */ = {isa = PBXFileReference; fileEncoding = 4; lastKnownFileType = sourcecode.c.h; path = AudioQueueSynth.h; sourceTree = "<group>"; };
		12C394091807598B0035BEFF /* AudioQueueSynth.m */ = {isa = PBXFileReference; fileEncoding = 4; lastKnownFileType = sourcecode.c.objc; path = AudioQueueSynth.m; sourceTree = "<group>"; };
		12C3940C18087F700035BEFF /* Looper.h */ = {isa = PBXFileReference; fileEncoding = 4; lastKnownFileType = sourcecode.c.h; path = Looper.h; sourceTree = "<group>"; };
		12C3940D18087F710035BEFF /* Looper.m */ = {isa = PBXFileReference; fileEncoding = 4; lastKnownFileType = sourcecode.c.objc; path = Looper.m; sourceTree = "<group>"; };
		12C3940F180899E90035BEFF /* Loop.h */ = {isa = PBXFileReference; fileEncoding = 4; lastKnownFileType = sourcecode.c.h; path = Loop.h; sourceTree = "<group>"; };
		12C39410180899E90035BEFF /* Loop.m */ = {isa = PBXFileReference; fileEncoding = 4; lastKnownFileType = sourcecode.c.objc; path = Loop.m; sourceTree = "<group>"; };
		12C4032B180B2CDA00FB384A /* saw.png */ = {isa = PBXFileReference; lastKnownFileType = image.png; path = saw.png; sourceTree = "<group>"; };
		12C4032C180B2CDA00FB384A /* sine.png */ = {isa = PBXFileReference; lastKnownFileType = image.png; path = sine.png; sourceTree = "<group>"; };
		12C4032D180B2CDA00FB384A /* square.png */ = {isa = PBXFileReference; lastKnownFileType = image.png; path = square.png; sourceTree = "<group>"; };
		12C4032E180B2CDA00FB384A /* tri.png */ = {isa = PBXFileReference; lastKnownFileType = image.png; path = tri.png; sourceTree = "<group>"; };
		12C4033A180B8A7400FB384A /* Mixer.h */ = {isa = PBXFileReference; fileEncoding = 4; lastKnownFileType = sourcecode.c.h; path = Mixer.h; sourceTree = "<group>"; };
		12C4033B180B8A7400FB384A /* Mixer.m */ = {isa = PBXFileReference; fileEncoding = 4; lastKnownFileType = sourcecode.c.objc; path = Mixer.m; sourceTree = "<group>"; };
		12CDBF6F17A9A5A800C72104 /* Oscillator.h */ = {isa = PBXFileReference; fileEncoding = 4; lastKnownFileType = sourcecode.c.h; path = Oscillator.h; sourceTree = "<group>"; };
		12CDBF7017A9A5A800C72104 /* Oscillator.m */ = {isa = PBXFileReference; fileEncoding = 4; lastKnownFileType = sourcecode.c.objc; path = Oscillator.m; sourceTree = "<group>"; };
		12CDBF7317A9A9C100C72104 /* Defines.h */ = {isa = PBXFileReference; lastKnownFileType = sourcecode.c.h; path = Defines.h; sourceTree = "<group>"; };
		12CDBF7417A9AC3F00C72104 /* Vco.h */ = {isa = PBXFileReference; fileEncoding = 4; lastKnownFileType = sourcecode.c.h; path = Vco.h; sourceTree = "<group>"; };
		12CDBF7517A9AC3F00C72104 /* Vco.m */ = {isa = PBXFileReference; fileEncoding = 4; lastKnownFileType = sourcecode.c.objc; path = Vco.m; sourceTree = "<group>"; };
		12EFCD2917AAE53C00E84D98 /* Adsr.h */ = {isa = PBXFileReference; fileEncoding = 4; lastKnownFileType = sourcecode.c.h; path = Adsr.h; sourceTree = "<group>"; };
		12EFCD2A17AAE53C00E84D98 /* Adsr.m */ = {isa = PBXFileReference; fileEncoding = 4; lastKnownFileType = sourcecode.c.objc; path = Adsr.m; sourceTree = "<group>"; };
		12EFCD2D17AD429F00E84D98 /* Vca.h */ = {isa = PBXFileReference; fileEncoding = 4; lastKnownFileType = sourcecode.c.h; path = Vca.h; sourceTree = "<group>"; };
		12EFCD2E17AD429F00E84D98 /* Vca.m */ = {isa = PBXFileReference; fileEncoding = 4; lastKnownFileType = sourcecode.c.objc; path = Vca.m; sourceTree = "<group>"; };
		12EFCD3017AD490200E84D98 /* Synth.h */ = {isa = PBXFileReference; fileEncoding = 4; lastKnownFileType = sourcecode.c.h; path = Synth.h; sourceTree = "<group>"; };
		12EFCD3117AD490200E84D98 /* Synth.m */ = {isa = PBXFileReference; fileEncoding = 4; lastKnownFileType = sourcecode.c.objc; path = Synth.m; sourceTree = "<group>"; };
		12EFCD3317AD493100E84D98 /* Vcf.h */ = {isa = PBXFileReference; fileEncoding = 4; lastKnownFileType = sourcecode.c.h; path = Vcf.h; sourceTree = "<group>"; };
		12EFCD3417AD493100E84D98 /* Vcf.m */ = {isa = PBXFileReference; fileEncoding = 4; lastKnownFileType = sourcecode.c.objc; path = Vcf.m; sourceTree = "<group>"; };
/* End PBXFileReference section */

/* Begin PBXFrameworksBuildPhase section */
		127DBD2B17A76D16007C68FF /* Frameworks */ = {
			isa = PBXFrameworksBuildPhase;
			buildActionMask = 2147483647;
			files = (
				12759AC418092CE400EA2D1A /* CoreMIDI.framework in Frameworks */,
				126C4D6A17B29FE900598323 /* libLeap.dylib in Frameworks */,
				127DBD5017A81437007C68FF /* AudioToolbox.framework in Frameworks */,
				127DBD3317A76D16007C68FF /* Cocoa.framework in Frameworks */,
			);
			runOnlyForDeploymentPostprocessing = 0;
		};
/* End PBXFrameworksBuildPhase section */

/* Begin PBXGroup section */
		12393FBB18187F7D000F4BF3 /* images */ = {
			isa = PBXGroup;
			children = (
				12393FBC18187F7D000F4BF3 /* background_controls@2x.png */,
				12393FBD18187F7D000F4BF3 /* buttons */,
				12393FD218187F7D000F4BF3 /* knob_dial@2x.png */,
				12393FD318187F7D000F4BF3 /* knob_outerRing_empty@2x.png */,
				12393FD418187F7D000F4BF3 /* knob_outerRing_full@2x.png */,
				12393FD518187F7D000F4BF3 /* midi_connected@2x.png */,
				12393FD618187F7D000F4BF3 /* midi_disconnected@2x.png */,
				12393FD718187F7D000F4BF3 /* slider_background@2x.png */,
				12393FD818187F7D000F4BF3 /* slider_glow@2x.png */,
				12393FD918187F7D000F4BF3 /* slider_handle@2x.png */,
				12393FDA18187F7D000F4BF3 /* volumeKnob_dial@2x.png */,
				12393FDB18187F7D000F4BF3 /* volumeKnob_outerRing_empty@2x.png */,
				12393FDC18187F7D000F4BF3 /* volumeKnob_outerRing_full@2x.png */,
				12393FDD18187F7D000F4BF3 /* wire_connected@2x.png */,
				12393FDE18187F7D000F4BF3 /* wire_in@2x.png */,
				12393FDF18187F7D000F4BF3 /* wire_out@2x.png */,
			);
			path = images;
			sourceTree = SOURCE_ROOT;
		};
		12393FBD18187F7D000F4BF3 /* buttons */ = {
			isa = PBXGroup;
			children = (
				12393FBE18187F7D000F4BF3 /* button_clear.png */,
				12393FBF18187F7D000F4BF3 /* button_clear_selected.png */,
				12393FC018187F7D000F4BF3 /* button_noise_pink.png */,
				12393FC118187F7D000F4BF3 /* button_noise_pink_selected.png */,
				12393FC218187F7D000F4BF3 /* button_noise_white.png */,
				12393FC318187F7D000F4BF3 /* button_noise_white_selected.png */,
				12393FC418187F7D000F4BF3 /* button_play.png */,
				12393FC518187F7D000F4BF3 /* button_play_selected.png */,
				12393FC618187F7D000F4BF3 /* button_record.png */,
				12393FC718187F7D000F4BF3 /* button_record_selected.png */,
				12393FC818187F7D000F4BF3 /* button_sawtooth.png */,
				12393FC918187F7D000F4BF3 /* button_sawtooth_selected.png */,
				12393FCA18187F7D000F4BF3 /* button_sine.png */,
				12393FCB18187F7D000F4BF3 /* button_sine_selected.png */,
				12393FCC18187F7D000F4BF3 /* button_square.png */,
				12393FCD18187F7D000F4BF3 /* button_square_selected.png */,
				12393FCE18187F7D000F4BF3 /* button_triangle.png */,
				12393FCF18187F7D000F4BF3 /* button_triangle_selected.png */,
				12393FD018187F7D000F4BF3 /* button_undo.png */,
				12393FD118187F7D000F4BF3 /* button_undo_selected.png */,
			);
			path = buttons;
			sourceTree = "<group>";
		};
		125286E5180EE7700025D405 /* CSControls */ = {
			isa = PBXGroup;
			children = (
				12393FBB18187F7D000F4BF3 /* images */,
				125286F6180F42D50025D405 /* images */,
				12528701180F9F2A0025D405 /* PatchCabler.h */,
				12528702180F9F2A0025D405 /* PatchCabler.m */,
				12528704180F9F7D0025D405 /* PatchCableEndpoint.h */,
				12528705180F9F7D0025D405 /* PatchCableEndpoint.m */,
				125286F0180F3F780025D405 /* CSControl.h */,
				125286F1180F3F780025D405 /* CSControl.m */,
				125286E1180EE76C0025D405 /* CSKnob.h */,
				125286E2180EE76C0025D405 /* CSKnob.m */,
				125286F3180F3FA40025D405 /* CSFader.h */,
				125286F4180F3FA40025D405 /* CSFader.m */,
				125287161810D2D60025D405 /* CSMultiSwitch.h */,
				125287171810D2D60025D405 /* CSMultiSwitch.m */,
				125287191810D3A00025D405 /* CSPopupButton.h */,
				1252871A1810D3A00025D405 /* CSPopupButton.m */,
			);
			name = CSControls;
			sourceTree = "<group>";
		};
		125286F6180F42D50025D405 /* images */ = {
			isa = PBXGroup;
			children = (
				1252870B181042710025D405 /* patch_endpoint_input.png */,
				125287091810420F0025D405 /* patch_endpoint_output.png */,
				125286F7180F42D50025D405 /* csfader_bg.png */,
				125286F8180F42D50025D405 /* csfader_knob.png */,
				125286F9180F42D50025D405 /* csknob_knob.png */,
			);
			name = images;
			path = img/controls;
			sourceTree = SOURCE_ROOT;
		};
		126C4D6417B29FA900598323 /* LeapSDK */ = {
			isa = PBXGroup;
			children = (
				126C4D5F17B29F8700598323 /* libLeap.dylib */,
				126C4D6517B29FCB00598323 /* Leap.h */,
				126C4D6617B29FCB00598323 /* LeapMath.h */,
				126C4D6717B29FCB00598323 /* LeapObjectiveC.h */,
				126C4D6817B29FCB00598323 /* LeapObjectiveC.mm */,
			);
			name = LeapSDK;
			sourceTree = "<group>";
		};
		127DBD2317A76D16007C68FF = {
			isa = PBXGroup;
			children = (
				127DBD3817A76D16007C68FF /* leapsynth */,
				127DBD3917A76D16007C68FF /* Supporting Files */,
				127DBD3117A76D16007C68FF /* Frameworks */,
				127DBD2F17A76D16007C68FF /* Products */,
				12C4032A180B2CDA00FB384A /* labels */,
			);
			sourceTree = "<group>";
		};
		127DBD2F17A76D16007C68FF /* Products */ = {
			isa = PBXGroup;
			children = (
				127DBD2E17A76D16007C68FF /* Syntheremin.app */,
			);
			name = Products;
			sourceTree = "<group>";
		};
		127DBD3117A76D16007C68FF /* Frameworks */ = {
			isa = PBXGroup;
			children = (
				126C4D6417B29FA900598323 /* LeapSDK */,
				127DBD4F17A81437007C68FF /* AudioToolbox.framework */,
				127DBD3517A76D16007C68FF /* AppKit.framework */,
				127DBD3617A76D16007C68FF /* CoreData.framework */,
				127DBD3717A76D16007C68FF /* Foundation.framework */,
				12759AC318092CE400EA2D1A /* CoreMIDI.framework */,
				127DBD3217A76D16007C68FF /* Cocoa.framework */,
			);
			name = Frameworks;
			sourceTree = "<group>";
		};
		127DBD3817A76D16007C68FF /* leapsynth */ = {
			isa = PBXGroup;
			children = (
				12BB468B17A988E4009D7B5C /* MainMenu.xib */,
				125286E5180EE7700025D405 /* CSControls */,
				1291C77317BC0C430055761E /* Soft Synth */,
				12CDBF7317A9A9C100C72104 /* Defines.h */,
				12C0D40217A9883C001323FA /* AppDelegate.h */,
				12C0D40317A9883C001323FA /* AppDelegate.m */,
				12B0FE661809CE410019EBC4 /* MidiParser.h */,
				12B0FE671809CE410019EBC4 /* MidiParser.m */,
				126C4D6B17B2B04B00598323 /* LeapSyntheremin.h */,
				126C4D6C17B2B04B00598323 /* LeapSyntheremin.m */,
				12277C5318148D0F00388277 /* LeapCursorOverlay.h */,
				12277C5418148D0F00388277 /* LeapCursorOverlay.m */,
				123B53BC1815ADDC00FB9065 /* LeapModulator.h */,
				123B53BD1815ADDC00FB9065 /* LeapModulator.m */,
				1291C76317BB423D0055761E /* LinearAnalyzer.h */,
				1291C76417BB423D0055761E /* LinearAnalyzer.m */,
				12277C441814522400388277 /* PolarAnalyzer.h */,
				12277C451814522400388277 /* PolarAnalyzer.m */,
			);
			path = leapsynth;
			sourceTree = "<group>";
		};
		127DBD3917A76D16007C68FF /* Supporting Files */ = {
			isa = PBXGroup;
			children = (
				12751A3317C1FA0800A57258 /* logo-white.png */,
				12B235D717C0698D00FA7E5C /* syntheremin.icns */,
				12BB469917A98979009D7B5C /* Credits.rtf */,
				12BB469817A98960009D7B5C /* leapsynth-Prefix.pch */,
				12BB469617A98950009D7B5C /* leapsynth-Info.plist */,
				12BB469417A98944009D7B5C /* main.m */,
				12BB469117A9890D009D7B5C /* InfoPlist.strings */,
			);
			name = "Supporting Files";
			path = leapsynth;
			sourceTree = "<group>";
		};
		1291C77317BC0C430055761E /* Soft Synth */ = {
			isa = PBXGroup;
			children = (
				12B0FE6C180A1A5A0019EBC4 /* SampleProvider.h */,
				12B0FE6D180A1A5A0019EBC4 /* SampleProvider.m */,
				12CDBF6F17A9A5A800C72104 /* Oscillator.h */,
				12CDBF7017A9A5A800C72104 /* Oscillator.m */,
				12B0FE69180A19A50019EBC4 /* NoiseGenerator.h */,
				12B0FE6A180A19A50019EBC4 /* NoiseGenerator.m */,
				12CDBF7417A9AC3F00C72104 /* Vco.h */,
				12CDBF7517A9AC3F00C72104 /* Vco.m */,
				12EFCD2917AAE53C00E84D98 /* Adsr.h */,
				12EFCD2A17AAE53C00E84D98 /* Adsr.m */,
				12EFCD2D17AD429F00E84D98 /* Vca.h */,
				12EFCD2E17AD429F00E84D98 /* Vca.m */,
				12C4033A180B8A7400FB384A /* Mixer.h */,
				12C4033B180B8A7400FB384A /* Mixer.m */,
				12EFCD3317AD493100E84D98 /* Vcf.h */,
				12EFCD3417AD493100E84D98 /* Vcf.m */,
				12EFCD3017AD490200E84D98 /* Synth.h */,
				12EFCD3117AD490200E84D98 /* Synth.m */,
				12C394081807598B0035BEFF /* AudioQueueSynth.h */,
				12C394091807598B0035BEFF /* AudioQueueSynth.m */,
				12C3940C18087F700035BEFF /* Looper.h */,
				12C3940D18087F710035BEFF /* Looper.m */,
				12C3940F180899E90035BEFF /* Loop.h */,
				12C39410180899E90035BEFF /* Loop.m */,
			);
			name = "Soft Synth";
			sourceTree = "<group>";
		};
		12C4032A180B2CDA00FB384A /* labels */ = {
			isa = PBXGroup;
			children = (
				12C4032B180B2CDA00FB384A /* saw.png */,
				12C4032C180B2CDA00FB384A /* sine.png */,
				12C4032D180B2CDA00FB384A /* square.png */,
				12C4032E180B2CDA00FB384A /* tri.png */,
			);
			name = labels;
			path = img/labels;
			sourceTree = "<group>";
		};
/* End PBXGroup section */

/* Begin PBXNativeTarget section */
		127DBD2D17A76D16007C68FF /* Syntheremin */ = {
			isa = PBXNativeTarget;
			buildConfigurationList = 127DBD4C17A76D17007C68FF /* Build configuration list for PBXNativeTarget "Syntheremin" */;
			buildPhases = (
				127DBD2A17A76D16007C68FF /* Sources */,
				127DBD2B17A76D16007C68FF /* Frameworks */,
				127DBD2C17A76D16007C68FF /* Resources */,
				126C4D6217B29F9400598323 /* CopyFiles */,
			);
			buildRules = (
			);
			dependencies = (
			);
			name = Syntheremin;
			productName = theremin;
			productReference = 127DBD2E17A76D16007C68FF /* Syntheremin.app */;
			productType = "com.apple.product-type.application";
		};
/* End PBXNativeTarget section */

/* Begin PBXProject section */
		127DBD2517A76D16007C68FF /* Project object */ = {
			isa = PBXProject;
			attributes = {
				LastUpgradeCheck = 0430;
			};
			buildConfigurationList = 127DBD2817A76D16007C68FF /* Build configuration list for PBXProject "leapsynth" */;
			compatibilityVersion = "Xcode 3.2";
			developmentRegion = English;
			hasScannedForEncodings = 0;
			knownRegions = (
				en,
			);
			mainGroup = 127DBD2317A76D16007C68FF;
			productRefGroup = 127DBD2F17A76D16007C68FF /* Products */;
			projectDirPath = "";
			projectRoot = "";
			targets = (
				127DBD2D17A76D16007C68FF /* Syntheremin */,
			);
		};
/* End PBXProject section */

/* Begin PBXResourcesBuildPhase section */
		127DBD2C17A76D16007C68FF /* Resources */ = {
			isa = PBXResourcesBuildPhase;
			buildActionMask = 2147483647;
			files = (
				12BB468D17A988E4009D7B5C /* MainMenu.xib in Resources */,
				12BB469317A9890D009D7B5C /* InfoPlist.strings in Resources */,
				12BB469B17A98979009D7B5C /* Credits.rtf in Resources */,
				12B235D817C0698D00FA7E5C /* syntheremin.icns in Resources */,
				12751A3417C1FA0800A57258 /* logo-white.png in Resources */,
				12C4032F180B2CDA00FB384A /* saw.png in Resources */,
				12C40330180B2CDA00FB384A /* sine.png in Resources */,
				12C40331180B2CDA00FB384A /* square.png in Resources */,
				12C40332180B2CDA00FB384A /* tri.png in Resources */,
				125286FA180F42D50025D405 /* csfader_bg.png in Resources */,
				125286FB180F42D50025D405 /* csfader_knob.png in Resources */,
				125286FC180F42D50025D405 /* csknob_knob.png in Resources */,
				1252870A1810420F0025D405 /* patch_endpoint_output.png in Resources */,
				1252870C181042710025D405 /* patch_endpoint_input.png in Resources */,
				12393FE018187F7D000F4BF3 /* background_controls@2x.png in Resources */,
				12393FE118187F7D000F4BF3 /* button_clear.png in Resources */,
				12393FE218187F7D000F4BF3 /* button_clear_selected.png in Resources */,
				12393FE318187F7D000F4BF3 /* button_noise_pink.png in Resources */,
				12393FE418187F7D000F4BF3 /* button_noise_pink_selected.png in Resources */,
				12393FE518187F7D000F4BF3 /* button_noise_white.png in Resources */,
				12393FE618187F7D000F4BF3 /* button_noise_white_selected.png in Resources */,
				12393FE718187F7D000F4BF3 /* button_play.png in Resources */,
				12393FE818187F7D000F4BF3 /* button_play_selected.png in Resources */,
				12393FE918187F7D000F4BF3 /* button_record.png in Resources */,
				12393FEA18187F7D000F4BF3 /* button_record_selected.png in Resources */,
				12393FEB18187F7D000F4BF3 /* button_sawtooth.png in Resources */,
				12393FEC18187F7D000F4BF3 /* button_sawtooth_selected.png in Resources */,
				12393FED18187F7D000F4BF3 /* button_sine.png in Resources */,
				12393FEE18187F7D000F4BF3 /* button_sine_selected.png in Resources */,
				12393FEF18187F7D000F4BF3 /* button_square.png in Resources */,
				12393FF018187F7D000F4BF3 /* button_square_selected.png in Resources */,
				12393FF118187F7D000F4BF3 /* button_triangle.png in Resources */,
				12393FF218187F7D000F4BF3 /* button_triangle_selected.png in Resources */,
				12393FF318187F7D000F4BF3 /* button_undo.png in Resources */,
				12393FF418187F7D000F4BF3 /* button_undo_selected.png in Resources */,
				12393FF518187F7D000F4BF3 /* knob_dial@2x.png in Resources */,
				12393FF618187F7D000F4BF3 /* knob_outerRing_empty@2x.png in Resources */,
				12393FF718187F7D000F4BF3 /* knob_outerRing_full@2x.png in Resources */,
				12393FF818187F7D000F4BF3 /* midi_connected@2x.png in Resources */,
				12393FF918187F7D000F4BF3 /* midi_disconnected@2x.png in Resources */,
				12393FFA18187F7D000F4BF3 /* slider_background@2x.png in Resources */,
				12393FFB18187F7D000F4BF3 /* slider_glow@2x.png in Resources */,
				12393FFC18187F7D000F4BF3 /* slider_handle@2x.png in Resources */,
				12393FFD18187F7D000F4BF3 /* volumeKnob_dial@2x.png in Resources */,
				12393FFE18187F7D000F4BF3 /* volumeKnob_outerRing_empty@2x.png in Resources */,
				12393FFF18187F7D000F4BF3 /* volumeKnob_outerRing_full@2x.png in Resources */,
				1239400018187F7D000F4BF3 /* wire_connected@2x.png in Resources */,
				1239400118187F7D000F4BF3 /* wire_in@2x.png in Resources */,
				1239400218187F7D000F4BF3 /* wire_out@2x.png in Resources */,
			);
			runOnlyForDeploymentPostprocessing = 0;
		};
/* End PBXResourcesBuildPhase section */

/* Begin PBXSourcesBuildPhase section */
		127DBD2A17A76D16007C68FF /* Sources */ = {
			isa = PBXSourcesBuildPhase;
			buildActionMask = 2147483647;
			files = (
				126C4D6E17B2B42F00598323 /* LeapObjectiveC.mm in Sources */,
				12BB468E17A988ED009D7B5C /* AppDelegate.m in Sources */,
				12BB469517A98944009D7B5C /* main.m in Sources */,
				12CDBF7117A9A5A800C72104 /* Oscillator.m in Sources */,
				12CDBF7617A9AC3F00C72104 /* Vco.m in Sources */,
				12EFCD2B17AAE53C00E84D98 /* Adsr.m in Sources */,
				12EFCD2F17AD429F00E84D98 /* Vca.m in Sources */,
				12EFCD3217AD490200E84D98 /* Synth.m in Sources */,
				12EFCD3517AD493100E84D98 /* Vcf.m in Sources */,
				126C4D6D17B2B04B00598323 /* LeapSyntheremin.m in Sources */,
				1291C76517BB423D0055761E /* LinearAnalyzer.m in Sources */,
				12C3940A1807598B0035BEFF /* AudioQueueSynth.m in Sources */,
				12C3940E18087F710035BEFF /* Looper.m in Sources */,
				12C39411180899E90035BEFF /* Loop.m in Sources */,
				12B0FE681809CE410019EBC4 /* MidiParser.m in Sources */,
				12B0FE6B180A19A50019EBC4 /* NoiseGenerator.m in Sources */,
				12B0FE6E180A1A5A0019EBC4 /* SampleProvider.m in Sources */,
				12C4033C180B8A7400FB384A /* Mixer.m in Sources */,
				125286E3180EE76C0025D405 /* CSKnob.m in Sources */,
				125286F2180F3F780025D405 /* CSControl.m in Sources */,
				125286F5180F3FA40025D405 /* CSFader.m in Sources */,
				12528703180F9F2B0025D405 /* PatchCabler.m in Sources */,
				12528706180F9F7D0025D405 /* PatchCableEndpoint.m in Sources */,
				125287181810D2D60025D405 /* CSMultiSwitch.m in Sources */,
				1252871B1810D3A10025D405 /* CSPopupButton.m in Sources */,
				12277C461814522400388277 /* PolarAnalyzer.m in Sources */,
				12277C5518148D0F00388277 /* LeapCursorOverlay.m in Sources */,
				123B53BE1815ADDC00FB9065 /* LeapModulator.m in Sources */,
			);
			runOnlyForDeploymentPostprocessing = 0;
		};
/* End PBXSourcesBuildPhase section */

/* Begin PBXVariantGroup section */
		12BB468B17A988E4009D7B5C /* MainMenu.xib */ = {
			isa = PBXVariantGroup;
			children = (
				12BB468C17A988E4009D7B5C /* en */,
			);
			name = MainMenu.xib;
			sourceTree = "<group>";
		};
		12BB469117A9890D009D7B5C /* InfoPlist.strings */ = {
			isa = PBXVariantGroup;
			children = (
				12BB469217A9890D009D7B5C /* en */,
			);
			name = InfoPlist.strings;
			sourceTree = "<group>";
		};
		12BB469917A98979009D7B5C /* Credits.rtf */ = {
			isa = PBXVariantGroup;
			children = (
				12BB469A17A98979009D7B5C /* en */,
			);
			name = Credits.rtf;
			sourceTree = "<group>";
		};
/* End PBXVariantGroup section */

/* Begin XCBuildConfiguration section */
		127DBD4A17A76D17007C68FF /* Debug */ = {
			isa = XCBuildConfiguration;
			buildSettings = {
				ALWAYS_SEARCH_USER_PATHS = NO;
				ARCHS = "$(ARCHS_STANDARD_64_BIT)";
				CLANG_ENABLE_OBJC_ARC = YES;
				CODE_SIGN_IDENTITY = "";
				COPY_PHASE_STRIP = NO;
				GCC_C_LANGUAGE_STANDARD = gnu99;
				GCC_DYNAMIC_NO_PIC = NO;
				GCC_ENABLE_OBJC_EXCEPTIONS = YES;
				GCC_OPTIMIZATION_LEVEL = 0;
				GCC_PREPROCESSOR_DEFINITIONS = (
					"DEBUG=1",
					"$(inherited)",
				);
				GCC_SYMBOLS_PRIVATE_EXTERN = NO;
				GCC_VERSION = com.apple.compilers.llvm.clang.1_0;
				GCC_WARN_64_TO_32_BIT_CONVERSION = YES;
				GCC_WARN_ABOUT_RETURN_TYPE = YES;
				GCC_WARN_UNINITIALIZED_AUTOS = YES;
				GCC_WARN_UNUSED_VARIABLE = YES;
				MACOSX_DEPLOYMENT_TARGET = 10.7;
				ONLY_ACTIVE_ARCH = YES;
				SDKROOT = macosx;
			};
			name = Debug;
		};
		127DBD4B17A76D17007C68FF /* Release */ = {
			isa = XCBuildConfiguration;
			buildSettings = {
				ALWAYS_SEARCH_USER_PATHS = NO;
				ARCHS = "$(ARCHS_STANDARD_64_BIT)";
				CLANG_ENABLE_OBJC_ARC = YES;
				CODE_SIGN_IDENTITY = "Developer ID Application: Concentric Sky (9B3HZ3DJ7A)";
				COPY_PHASE_STRIP = YES;
				DEBUG_INFORMATION_FORMAT = "dwarf-with-dsym";
				GCC_C_LANGUAGE_STANDARD = gnu99;
				GCC_ENABLE_OBJC_EXCEPTIONS = YES;
				GCC_VERSION = com.apple.compilers.llvm.clang.1_0;
				GCC_WARN_64_TO_32_BIT_CONVERSION = YES;
				GCC_WARN_ABOUT_RETURN_TYPE = YES;
				GCC_WARN_UNINITIALIZED_AUTOS = YES;
				GCC_WARN_UNUSED_VARIABLE = YES;
				MACOSX_DEPLOYMENT_TARGET = 10.7;
				PROVISIONING_PROFILE = "";
				SDKROOT = macosx;
			};
			name = Release;
		};
		127DBD4D17A76D17007C68FF /* Debug */ = {
			isa = XCBuildConfiguration;
			buildSettings = {
				GCC_PRECOMPILE_PREFIX_HEADER = YES;
				GCC_PREFIX_HEADER = "leapsynth/leapsynth-Prefix.pch";
				INFOPLIST_FILE = "leapsynth/leapsynth-Info.plist";
				LIBRARY_SEARCH_PATHS = (
					"$(inherited)",
					"\"$(SRCROOT)/LeapSDK/lib\"",
				);
				PRODUCT_NAME = Syntheremin;
				WRAPPER_EXTENSION = app;
			};
			name = Debug;
		};
		127DBD4E17A76D17007C68FF /* Release */ = {
			isa = XCBuildConfiguration;
			buildSettings = {
				GCC_PRECOMPILE_PREFIX_HEADER = YES;
				GCC_PREFIX_HEADER = "leapsynth/leapsynth-Prefix.pch";
				INFOPLIST_FILE = "leapsynth/leapsynth-Info.plist";
				LIBRARY_SEARCH_PATHS = (
					"$(inherited)",
					"\"$(SRCROOT)/LeapSDK/lib\"",
				);
				PRODUCT_NAME = Syntheremin;
				WRAPPER_EXTENSION = app;
			};
			name = Release;
		};
/* End XCBuildConfiguration section */

/* Begin XCConfigurationList section */
		127DBD2817A76D16007C68FF /* Build configuration list for PBXProject "leapsynth" */ = {
			isa = XCConfigurationList;
			buildConfigurations = (
				127DBD4A17A76D17007C68FF /* Debug */,
				127DBD4B17A76D17007C68FF /* Release */,
			);
			defaultConfigurationIsVisible = 0;
			defaultConfigurationName = Release;
		};
		127DBD4C17A76D17007C68FF /* Build configuration list for PBXNativeTarget "Syntheremin" */ = {
			isa = XCConfigurationList;
			buildConfigurations = (
				127DBD4D17A76D17007C68FF /* Debug */,
				127DBD4E17A76D17007C68FF /* Release */,
			);
			defaultConfigurationIsVisible = 0;
			defaultConfigurationName = Release;
		};
/* End XCConfigurationList section */
	};
	rootObject = 127DBD2517A76D16007C68FF /* Project object */;
}
