// !$*UTF8*$!
{
	archiveVersion = 1;
	classes = {
	};
	objectVersion = 46;
	objects = {

/* Begin PBXBuildFile section */
		126C4D6917B29FE300598323 /* libLeap.dylib in CopyFiles */ = {isa = PBXBuildFile; fileRef = 126C4D5F17B29F8700598323 /* libLeap.dylib */; };
		126C4D6A17B29FE900598323 /* libLeap.dylib in Frameworks */ = {isa = PBXBuildFile; fileRef = 126C4D5F17B29F8700598323 /* libLeap.dylib */; };
		127DBD3317A76D16007C68FF /* Cocoa.framework in Frameworks */ = {isa = PBXBuildFile; fileRef = 127DBD3217A76D16007C68FF /* Cocoa.framework */; };
		127DBD5017A81437007C68FF /* AudioToolbox.framework in Frameworks */ = {isa = PBXBuildFile; fileRef = 127DBD4F17A81437007C68FF /* AudioToolbox.framework */; };
		128646CE17A9E99A00CE0420 /* DownUpButton.m in Sources */ = {isa = PBXBuildFile; fileRef = 128646CD17A9E99A00CE0420 /* DownUpButton.m */; };
		12BB468D17A988E4009D7B5C /* MainMenu.xib in Resources */ = {isa = PBXBuildFile; fileRef = 12BB468B17A988E4009D7B5C /* MainMenu.xib */; };
		12BB468E17A988ED009D7B5C /* AppDelegate.m in Sources */ = {isa = PBXBuildFile; fileRef = 12C0D40317A9883C001323FA /* AppDelegate.m */; };
		12BB469317A9890D009D7B5C /* InfoPlist.strings in Resources */ = {isa = PBXBuildFile; fileRef = 12BB469117A9890D009D7B5C /* InfoPlist.strings */; };
		12BB469517A98944009D7B5C /* main.m in Sources */ = {isa = PBXBuildFile; fileRef = 12BB469417A98944009D7B5C /* main.m */; };
		12BB469717A98950009D7B5C /* leapsynth-Info.plist in Resources */ = {isa = PBXBuildFile; fileRef = 12BB469617A98950009D7B5C /* leapsynth-Info.plist */; };
		12BB469B17A98979009D7B5C /* Credits.rtf in Resources */ = {isa = PBXBuildFile; fileRef = 12BB469917A98979009D7B5C /* Credits.rtf */; };
		12CDBF7117A9A5A800C72104 /* Oscillator.m in Sources */ = {isa = PBXBuildFile; fileRef = 12CDBF7017A9A5A800C72104 /* Oscillator.m */; };
		12CDBF7617A9AC3F00C72104 /* Vco.m in Sources */ = {isa = PBXBuildFile; fileRef = 12CDBF7517A9AC3F00C72104 /* Vco.m */; };
		12EFCD2B17AAE53C00E84D98 /* Adsr.m in Sources */ = {isa = PBXBuildFile; fileRef = 12EFCD2A17AAE53C00E84D98 /* Adsr.m */; };
		12EFCD2F17AD429F00E84D98 /* Vca.m in Sources */ = {isa = PBXBuildFile; fileRef = 12EFCD2E17AD429F00E84D98 /* Vca.m */; };
		12EFCD3217AD490200E84D98 /* Synth.m in Sources */ = {isa = PBXBuildFile; fileRef = 12EFCD3117AD490200E84D98 /* Synth.m */; };
		12EFCD3517AD493100E84D98 /* Vcf.m in Sources */ = {isa = PBXBuildFile; fileRef = 12EFCD3417AD493100E84D98 /* Vcf.m */; };
/* End PBXBuildFile section */

/* Begin PBXCopyFilesBuildPhase section */
		126C4D6217B29F9400598323 /* CopyFiles */ = {
			isa = PBXCopyFilesBuildPhase;
			buildActionMask = 2147483647;
			dstPath = "";
			dstSubfolderSpec = 6;
			files = (
				126C4D6917B29FE300598323 /* libLeap.dylib in CopyFiles */,
			);
			runOnlyForDeploymentPostprocessing = 0;
		};
/* End PBXCopyFilesBuildPhase section */

/* Begin PBXFileReference section */
		126C4D5F17B29F8700598323 /* libLeap.dylib */ = {isa = PBXFileReference; lastKnownFileType = "compiled.mach-o.dylib"; name = libLeap.dylib; path = LeapSDK/lib/libLeap.dylib; sourceTree = "<group>"; };
		126C4D6517B29FCB00598323 /* Leap.h */ = {isa = PBXFileReference; lastKnownFileType = sourcecode.c.h; name = Leap.h; path = LeapSDK/include/Leap.h; sourceTree = "<group>"; };
		126C4D6617B29FCB00598323 /* LeapMath.h */ = {isa = PBXFileReference; lastKnownFileType = sourcecode.c.h; name = LeapMath.h; path = LeapSDK/include/LeapMath.h; sourceTree = "<group>"; };
		126C4D6717B29FCB00598323 /* LeapObjectiveC.h */ = {isa = PBXFileReference; lastKnownFileType = sourcecode.c.h; name = LeapObjectiveC.h; path = LeapSDK/include/LeapObjectiveC.h; sourceTree = "<group>"; };
		126C4D6817B29FCB00598323 /* LeapObjectiveC.mm */ = {isa = PBXFileReference; lastKnownFileType = sourcecode.cpp.objcpp; name = LeapObjectiveC.mm; path = LeapSDK/include/LeapObjectiveC.mm; sourceTree = "<group>"; };
		127DBD2E17A76D16007C68FF /* leapsynth.app */ = {isa = PBXFileReference; explicitFileType = wrapper.application; includeInIndex = 0; path = leapsynth.app; sourceTree = BUILT_PRODUCTS_DIR; };
		127DBD3217A76D16007C68FF /* Cocoa.framework */ = {isa = PBXFileReference; lastKnownFileType = wrapper.framework; name = Cocoa.framework; path = System/Library/Frameworks/Cocoa.framework; sourceTree = SDKROOT; };
		127DBD3517A76D16007C68FF /* AppKit.framework */ = {isa = PBXFileReference; lastKnownFileType = wrapper.framework; name = AppKit.framework; path = System/Library/Frameworks/AppKit.framework; sourceTree = SDKROOT; };
		127DBD3617A76D16007C68FF /* CoreData.framework */ = {isa = PBXFileReference; lastKnownFileType = wrapper.framework; name = CoreData.framework; path = System/Library/Frameworks/CoreData.framework; sourceTree = SDKROOT; };
		127DBD3717A76D16007C68FF /* Foundation.framework */ = {isa = PBXFileReference; lastKnownFileType = wrapper.framework; name = Foundation.framework; path = System/Library/Frameworks/Foundation.framework; sourceTree = SDKROOT; };
		127DBD4F17A81437007C68FF /* AudioToolbox.framework */ = {isa = PBXFileReference; lastKnownFileType = wrapper.framework; name = AudioToolbox.framework; path = System/Library/Frameworks/AudioToolbox.framework; sourceTree = SDKROOT; };
		128646CC17A9E99A00CE0420 /* DownUpButton.h */ = {isa = PBXFileReference; fileEncoding = 4; lastKnownFileType = sourcecode.c.h; path = DownUpButton.h; sourceTree = "<group>"; };
		128646CD17A9E99A00CE0420 /* DownUpButton.m */ = {isa = PBXFileReference; fileEncoding = 4; lastKnownFileType = sourcecode.c.objc; path = DownUpButton.m; sourceTree = "<group>"; };
		12BB468C17A988E4009D7B5C /* en */ = {isa = PBXFileReference; lastKnownFileType = file.xib; name = en; path = leapsynth/en.lproj/MainMenu.xib; sourceTree = SOURCE_ROOT; };
		12BB469217A9890D009D7B5C /* en */ = {isa = PBXFileReference; lastKnownFileType = text.plist.strings; name = en; path = leapsynth/en.lproj/InfoPlist.strings; sourceTree = SOURCE_ROOT; };
		12BB469417A98944009D7B5C /* main.m */ = {isa = PBXFileReference; fileEncoding = 4; lastKnownFileType = sourcecode.c.objc; name = main.m; path = leapsynth/main.m; sourceTree = SOURCE_ROOT; };
		12BB469617A98950009D7B5C /* leapsynth-Info.plist */ = {isa = PBXFileReference; fileEncoding = 4; lastKnownFileType = text.plist.xml; name = "leapsynth-Info.plist"; path = "leapsynth/leapsynth-Info.plist"; sourceTree = SOURCE_ROOT; };
		12BB469817A98960009D7B5C /* leapsynth-Prefix.pch */ = {isa = PBXFileReference; fileEncoding = 4; lastKnownFileType = sourcecode.c.h; name = "leapsynth-Prefix.pch"; path = "leapsynth/leapsynth-Prefix.pch"; sourceTree = SOURCE_ROOT; };
		12BB469A17A98979009D7B5C /* en */ = {isa = PBXFileReference; lastKnownFileType = text.rtf; name = en; path = leapsynth/en.lproj/Credits.rtf; sourceTree = SOURCE_ROOT; };
		12C0D40217A9883C001323FA /* AppDelegate.h */ = {isa = PBXFileReference; fileEncoding = 4; lastKnownFileType = sourcecode.c.h; name = AppDelegate.h; path = leapsynth/AppDelegate.h; sourceTree = SOURCE_ROOT; };
		12C0D40317A9883C001323FA /* AppDelegate.m */ = {isa = PBXFileReference; fileEncoding = 4; lastKnownFileType = sourcecode.c.objc; name = AppDelegate.m; path = leapsynth/AppDelegate.m; sourceTree = SOURCE_ROOT; };
		12CDBF6F17A9A5A800C72104 /* Oscillator.h */ = {isa = PBXFileReference; fileEncoding = 4; lastKnownFileType = sourcecode.c.h; path = Oscillator.h; sourceTree = "<group>"; };
		12CDBF7017A9A5A800C72104 /* Oscillator.m */ = {isa = PBXFileReference; fileEncoding = 4; lastKnownFileType = sourcecode.c.objc; path = Oscillator.m; sourceTree = "<group>"; };
		12CDBF7317A9A9C100C72104 /* Defines.h */ = {isa = PBXFileReference; lastKnownFileType = sourcecode.c.h; path = Defines.h; sourceTree = "<group>"; };
		12CDBF7417A9AC3F00C72104 /* Vco.h */ = {isa = PBXFileReference; fileEncoding = 4; lastKnownFileType = sourcecode.c.h; path = Vco.h; sourceTree = "<group>"; };
		12CDBF7517A9AC3F00C72104 /* Vco.m */ = {isa = PBXFileReference; fileEncoding = 4; lastKnownFileType = sourcecode.c.objc; path = Vco.m; sourceTree = "<group>"; };
		12EFCD2917AAE53C00E84D98 /* Adsr.h */ = {isa = PBXFileReference; fileEncoding = 4; lastKnownFileType = sourcecode.c.h; path = Adsr.h; sourceTree = "<group>"; };
		12EFCD2A17AAE53C00E84D98 /* Adsr.m */ = {isa = PBXFileReference; fileEncoding = 4; lastKnownFileType = sourcecode.c.objc; path = Adsr.m; sourceTree = "<group>"; };
		12EFCD2D17AD429F00E84D98 /* Vca.h */ = {isa = PBXFileReference; fileEncoding = 4; lastKnownFileType = sourcecode.c.h; path = Vca.h; sourceTree = "<group>"; };
		12EFCD2E17AD429F00E84D98 /* Vca.m */ = {isa = PBXFileReference; fileEncoding = 4; lastKnownFileType = sourcecode.c.objc; path = Vca.m; sourceTree = "<group>"; };
		12EFCD3017AD490200E84D98 /* Synth.h */ = {isa = PBXFileReference; fileEncoding = 4; lastKnownFileType = sourcecode.c.h; path = Synth.h; sourceTree = "<group>"; };
		12EFCD3117AD490200E84D98 /* Synth.m */ = {isa = PBXFileReference; fileEncoding = 4; lastKnownFileType = sourcecode.c.objc; path = Synth.m; sourceTree = "<group>"; };
		12EFCD3317AD493100E84D98 /* Vcf.h */ = {isa = PBXFileReference; fileEncoding = 4; lastKnownFileType = sourcecode.c.h; path = Vcf.h; sourceTree = "<group>"; };
		12EFCD3417AD493100E84D98 /* Vcf.m */ = {isa = PBXFileReference; fileEncoding = 4; lastKnownFileType = sourcecode.c.objc; path = Vcf.m; sourceTree = "<group>"; };
/* End PBXFileReference section */

/* Begin PBXFrameworksBuildPhase section */
		127DBD2B17A76D16007C68FF /* Frameworks */ = {
			isa = PBXFrameworksBuildPhase;
			buildActionMask = 2147483647;
			files = (
				126C4D6A17B29FE900598323 /* libLeap.dylib in Frameworks */,
				127DBD5017A81437007C68FF /* AudioToolbox.framework in Frameworks */,
				127DBD3317A76D16007C68FF /* Cocoa.framework in Frameworks */,
			);
			runOnlyForDeploymentPostprocessing = 0;
		};
/* End PBXFrameworksBuildPhase section */

/* Begin PBXGroup section */
		126C4D6417B29FA900598323 /* LeapSDK */ = {
			isa = PBXGroup;
			children = (
				126C4D5F17B29F8700598323 /* libLeap.dylib */,
				126C4D6517B29FCB00598323 /* Leap.h */,
				126C4D6617B29FCB00598323 /* LeapMath.h */,
				126C4D6717B29FCB00598323 /* LeapObjectiveC.h */,
				126C4D6817B29FCB00598323 /* LeapObjectiveC.mm */,
			);
			name = LeapSDK;
			sourceTree = "<group>";
		};
		127DBD2317A76D16007C68FF = {
			isa = PBXGroup;
			children = (
				127DBD3817A76D16007C68FF /* leapsynth */,
				126C4D6417B29FA900598323 /* LeapSDK */,
				127DBD3117A76D16007C68FF /* Frameworks */,
				127DBD2F17A76D16007C68FF /* Products */,
			);
			sourceTree = "<group>";
		};
		127DBD2F17A76D16007C68FF /* Products */ = {
			isa = PBXGroup;
			children = (
				127DBD2E17A76D16007C68FF /* leapsynth.app */,
			);
			name = Products;
			sourceTree = "<group>";
		};
		127DBD3117A76D16007C68FF /* Frameworks */ = {
			isa = PBXGroup;
			children = (
				127DBD3217A76D16007C68FF /* Cocoa.framework */,
				127DBD3417A76D16007C68FF /* Other Frameworks */,
			);
			name = Frameworks;
			sourceTree = "<group>";
		};
		127DBD3417A76D16007C68FF /* Other Frameworks */ = {
			isa = PBXGroup;
			children = (
				127DBD4F17A81437007C68FF /* AudioToolbox.framework */,
				127DBD3517A76D16007C68FF /* AppKit.framework */,
				127DBD3617A76D16007C68FF /* CoreData.framework */,
				127DBD3717A76D16007C68FF /* Foundation.framework */,
			);
			name = "Other Frameworks";
			sourceTree = "<group>";
		};
		127DBD3817A76D16007C68FF /* leapsynth */ = {
			isa = PBXGroup;
			children = (
				12BB468B17A988E4009D7B5C /* MainMenu.xib */,
				12CDBF7717A9AC5300C72104 /* Headers */,
				12C0D40317A9883C001323FA /* AppDelegate.m */,
				128646CD17A9E99A00CE0420 /* DownUpButton.m */,
				12CDBF7017A9A5A800C72104 /* Oscillator.m */,
				12CDBF7517A9AC3F00C72104 /* Vco.m */,
				12EFCD2A17AAE53C00E84D98 /* Adsr.m */,
				12EFCD2E17AD429F00E84D98 /* Vca.m */,
				12EFCD3417AD493100E84D98 /* Vcf.m */,
				12EFCD3117AD490200E84D98 /* Synth.m */,
				127DBD3917A76D16007C68FF /* Supporting Files */,
			);
			path = leapsynth;
			sourceTree = "<group>";
		};
		127DBD3917A76D16007C68FF /* Supporting Files */ = {
			isa = PBXGroup;
			children = (
				12BB469917A98979009D7B5C /* Credits.rtf */,
				12BB469817A98960009D7B5C /* leapsynth-Prefix.pch */,
				12BB469617A98950009D7B5C /* leapsynth-Info.plist */,
				12BB469417A98944009D7B5C /* main.m */,
				12BB469117A9890D009D7B5C /* InfoPlist.strings */,
			);
			name = "Supporting Files";
			sourceTree = "<group>";
		};
		12CDBF7717A9AC5300C72104 /* Headers */ = {
			isa = PBXGroup;
			children = (
				12CDBF7317A9A9C100C72104 /* Defines.h */,
				12C0D40217A9883C001323FA /* AppDelegate.h */,
				128646CC17A9E99A00CE0420 /* DownUpButton.h */,
				12CDBF6F17A9A5A800C72104 /* Oscillator.h */,
				12CDBF7417A9AC3F00C72104 /* Vco.h */,
				12EFCD2917AAE53C00E84D98 /* Adsr.h */,
				12EFCD2D17AD429F00E84D98 /* Vca.h */,
				12EFCD3317AD493100E84D98 /* Vcf.h */,
				12EFCD3017AD490200E84D98 /* Synth.h */,
			);
			name = Headers;
			sourceTree = "<group>";
		};
/* End PBXGroup section */

/* Begin PBXNativeTarget section */
		127DBD2D17A76D16007C68FF /* leapsynth */ = {
			isa = PBXNativeTarget;
			buildConfigurationList = 127DBD4C17A76D17007C68FF /* Build configuration list for PBXNativeTarget "leapsynth" */;
			buildPhases = (
				127DBD2A17A76D16007C68FF /* Sources */,
				127DBD2B17A76D16007C68FF /* Frameworks */,
				127DBD2C17A76D16007C68FF /* Resources */,
				126C4D6217B29F9400598323 /* CopyFiles */,
			);
			buildRules = (
			);
			dependencies = (
			);
			name = leapsynth;
			productName = theremin;
			productReference = 127DBD2E17A76D16007C68FF /* leapsynth.app */;
			productType = "com.apple.product-type.application";
		};
/* End PBXNativeTarget section */

/* Begin PBXProject section */
		127DBD2517A76D16007C68FF /* Project object */ = {
			isa = PBXProject;
			attributes = {
				LastUpgradeCheck = 0430;
			};
			buildConfigurationList = 127DBD2817A76D16007C68FF /* Build configuration list for PBXProject "leapsynth" */;
			compatibilityVersion = "Xcode 3.2";
			developmentRegion = English;
			hasScannedForEncodings = 0;
			knownRegions = (
				en,
			);
			mainGroup = 127DBD2317A76D16007C68FF;
			productRefGroup = 127DBD2F17A76D16007C68FF /* Products */;
			projectDirPath = "";
			projectRoot = "";
			targets = (
				127DBD2D17A76D16007C68FF /* leapsynth */,
			);
		};
/* End PBXProject section */

/* Begin PBXResourcesBuildPhase section */
		127DBD2C17A76D16007C68FF /* Resources */ = {
			isa = PBXResourcesBuildPhase;
			buildActionMask = 2147483647;
			files = (
				12BB468D17A988E4009D7B5C /* MainMenu.xib in Resources */,
				12BB469317A9890D009D7B5C /* InfoPlist.strings in Resources */,
				12BB469717A98950009D7B5C /* leapsynth-Info.plist in Resources */,
				12BB469B17A98979009D7B5C /* Credits.rtf in Resources */,
			);
			runOnlyForDeploymentPostprocessing = 0;
		};
/* End PBXResourcesBuildPhase section */

/* Begin PBXSourcesBuildPhase section */
		127DBD2A17A76D16007C68FF /* Sources */ = {
			isa = PBXSourcesBuildPhase;
			buildActionMask = 2147483647;
			files = (
				12BB468E17A988ED009D7B5C /* AppDelegate.m in Sources */,
				12BB469517A98944009D7B5C /* main.m in Sources */,
				12CDBF7117A9A5A800C72104 /* Oscillator.m in Sources */,
				12CDBF7617A9AC3F00C72104 /* Vco.m in Sources */,
				128646CE17A9E99A00CE0420 /* DownUpButton.m in Sources */,
				12EFCD2B17AAE53C00E84D98 /* Adsr.m in Sources */,
				12EFCD2F17AD429F00E84D98 /* Vca.m in Sources */,
				12EFCD3217AD490200E84D98 /* Synth.m in Sources */,
				12EFCD3517AD493100E84D98 /* Vcf.m in Sources */,
			);
			runOnlyForDeploymentPostprocessing = 0;
		};
/* End PBXSourcesBuildPhase section */

/* Begin PBXVariantGroup section */
		12BB468B17A988E4009D7B5C /* MainMenu.xib */ = {
			isa = PBXVariantGroup;
			children = (
				12BB468C17A988E4009D7B5C /* en */,
			);
			name = MainMenu.xib;
			sourceTree = "<group>";
		};
		12BB469117A9890D009D7B5C /* InfoPlist.strings */ = {
			isa = PBXVariantGroup;
			children = (
				12BB469217A9890D009D7B5C /* en */,
			);
			name = InfoPlist.strings;
			sourceTree = "<group>";
		};
		12BB469917A98979009D7B5C /* Credits.rtf */ = {
			isa = PBXVariantGroup;
			children = (
				12BB469A17A98979009D7B5C /* en */,
			);
			name = Credits.rtf;
			sourceTree = "<group>";
		};
/* End PBXVariantGroup section */

/* Begin XCBuildConfiguration section */
		127DBD4A17A76D17007C68FF /* Debug */ = {
			isa = XCBuildConfiguration;
			buildSettings = {
				ALWAYS_SEARCH_USER_PATHS = NO;
				ARCHS = "$(ARCHS_STANDARD_64_BIT)";
				CLANG_ENABLE_OBJC_ARC = YES;
				COPY_PHASE_STRIP = NO;
				GCC_C_LANGUAGE_STANDARD = gnu99;
				GCC_DYNAMIC_NO_PIC = NO;
				GCC_ENABLE_OBJC_EXCEPTIONS = YES;
				GCC_OPTIMIZATION_LEVEL = 0;
				GCC_PREPROCESSOR_DEFINITIONS = (
					"DEBUG=1",
					"$(inherited)",
				);
				GCC_SYMBOLS_PRIVATE_EXTERN = NO;
				GCC_VERSION = com.apple.compilers.llvm.clang.1_0;
				GCC_WARN_64_TO_32_BIT_CONVERSION = YES;
				GCC_WARN_ABOUT_RETURN_TYPE = YES;
				GCC_WARN_UNINITIALIZED_AUTOS = YES;
				GCC_WARN_UNUSED_VARIABLE = YES;
				MACOSX_DEPLOYMENT_TARGET = 10.7;
				ONLY_ACTIVE_ARCH = YES;
				SDKROOT = macosx;
			};
			name = Debug;
		};
		127DBD4B17A76D17007C68FF /* Release */ = {
			isa = XCBuildConfiguration;
			buildSettings = {
				ALWAYS_SEARCH_USER_PATHS = NO;
				ARCHS = "$(ARCHS_STANDARD_64_BIT)";
				CLANG_ENABLE_OBJC_ARC = YES;
				COPY_PHASE_STRIP = YES;
				DEBUG_INFORMATION_FORMAT = "dwarf-with-dsym";
				GCC_C_LANGUAGE_STANDARD = gnu99;
				GCC_ENABLE_OBJC_EXCEPTIONS = YES;
				GCC_VERSION = com.apple.compilers.llvm.clang.1_0;
				GCC_WARN_64_TO_32_BIT_CONVERSION = YES;
				GCC_WARN_ABOUT_RETURN_TYPE = YES;
				GCC_WARN_UNINITIALIZED_AUTOS = YES;
				GCC_WARN_UNUSED_VARIABLE = YES;
				MACOSX_DEPLOYMENT_TARGET = 10.7;
				SDKROOT = macosx;
			};
			name = Release;
		};
		127DBD4D17A76D17007C68FF /* Debug */ = {
			isa = XCBuildConfiguration;
			buildSettings = {
				GCC_PRECOMPILE_PREFIX_HEADER = YES;
				GCC_PREFIX_HEADER = "leapsynth/leapsynth-Prefix.pch";
				INFOPLIST_FILE = "leapsynth/leapsynth-Info.plist";
				LIBRARY_SEARCH_PATHS = (
					"$(inherited)",
					"\"$(SRCROOT)/LeapSDK/lib\"",
				);
				PRODUCT_NAME = leapsynth;
				WRAPPER_EXTENSION = app;
			};
			name = Debug;
		};
		127DBD4E17A76D17007C68FF /* Release */ = {
			isa = XCBuildConfiguration;
			buildSettings = {
				GCC_PRECOMPILE_PREFIX_HEADER = YES;
				GCC_PREFIX_HEADER = "leapsynth/leapsynth-Prefix.pch";
				INFOPLIST_FILE = "leapsynth/leapsynth-Info.plist";
				LIBRARY_SEARCH_PATHS = (
					"$(inherited)",
					"\"$(SRCROOT)/LeapSDK/lib\"",
				);
				PRODUCT_NAME = leapsynth;
				WRAPPER_EXTENSION = app;
			};
			name = Release;
		};
/* End XCBuildConfiguration section */

/* Begin XCConfigurationList section */
		127DBD2817A76D16007C68FF /* Build configuration list for PBXProject "leapsynth" */ = {
			isa = XCConfigurationList;
			buildConfigurations = (
				127DBD4A17A76D17007C68FF /* Debug */,
				127DBD4B17A76D17007C68FF /* Release */,
			);
			defaultConfigurationIsVisible = 0;
			defaultConfigurationName = Release;
		};
		127DBD4C17A76D17007C68FF /* Build configuration list for PBXNativeTarget "leapsynth" */ = {
			isa = XCConfigurationList;
			buildConfigurations = (
				127DBD4D17A76D17007C68FF /* Debug */,
				127DBD4E17A76D17007C68FF /* Release */,
			);
			defaultConfigurationIsVisible = 0;
			defaultConfigurationName = Release;
		};
/* End XCConfigurationList section */
	};
	rootObject = 127DBD2517A76D16007C68FF /* Project object */;
}
